# This file was autogenerated by Stack.
# You should not edit this file by hand.
# For more information, please see the documentation at:
#   https://docs.haskellstack.org/en/stable/lock_files

packages:
- completed:
    hackage: guid-0.1.0@sha256:a7c975be473f6f142d5cc1b39bc807a99043d20b1bb0873fdfe7a3ce84d2faf1,1078
    pantry-tree:
      size: 364
      sha256: a33838b7b1c54f6ac3e1b436b25674948713a4189658e4d82e639b9a689bc90d
  original:
    hackage: guid-0.1.0
- completed:
    hackage: scotty-cookie-0.1.0.3@sha256:3ff1df13a5acba8ba170a5ac22b3ac6a2c227791292536ce1ebfc41038f58fc9,1204
    pantry-tree:
      size: 222
      sha256: 8236b9d3e3c01b29c3d7bf7791af8c87e87ea9b2052e9d7bc32038f524242679
  original:
    hackage: scotty-cookie-0.1.0.3
- completed:
    hackage: beam-core-0.7.2.2@sha256:4eb3e12584c01d2218845581322c7632295d9e76c565c25d4010549d55d16dbb,4837
    pantry-tree:
      size: 2269
      sha256: d93b018abf9b0892b91381401ec6ebc84499b24e24053d2ecca89d643146636d
  original:
    hackage: beam-core-0.7.2.2@sha256:4eb3e12584c01d2218845581322c7632295d9e76c565c25d4010549d55d16dbb
- completed:
    hackage: beam-postgres-0.3.2.2@sha256:950cda1e10dfedbc8649e6551adbd31995c2f95f07bc63ed4d8135d03cdfbce2,3176
    pantry-tree:
      size: 904
      sha256: 1f6e12c6b0e51945705b6eadde12a9a99ee69415bd80df59a9abbdd2f4ea4978
  original:
    hackage: beam-postgres-0.3.2.2@sha256:950cda1e10dfedbc8649e6551adbd31995c2f95f07bc63ed4d8135d03cdfbce2
- completed:
    hackage: beam-migrate-0.3.2.1@sha256:fb9d918e43f296c507cf94823aed4bc2790e4b7a0c407eaa027118d980350fbe,4974
    pantry-tree:
      size: 1720
      sha256: ec9468c7532c90fb3c1abca8d35ab62716f71fbcfd0cb99c41958bcb0a6289f0
  original:
    hackage: beam-migrate-0.3.2.1@sha256:fb9d918e43f296c507cf94823aed4bc2790e4b7a0c407eaa027118d980350fbe
- completed:
    hackage: haskell-src-exts-1.20.3@sha256:eb9a0a02e422f64e793fe077e445e930bc365b7f7ce92ce6983475c72f8b3785,4467
    pantry-tree:
      size: 92343
      sha256: c14945db7232a46e974a3467d881e7929d4940fb947ccecb8e210cebba7abe1b
  original:
    hackage: haskell-src-exts-1.20.3@sha256:eb9a0a02e422f64e793fe077e445e930bc365b7f7ce92ce6983475c72f8b3785
- completed:
    hackage: vector-sized-1.0.4.0@sha256:d5cdea82b87ff7a5158d784e6869866e6a2c258f0a035279e0168b55350a723f,1541
    pantry-tree:
      size: 883
      sha256: df1a334ad761dc1e1a5c0f44e3f2322d3fe9b89e8e0d80dfd89e309ddd33a064
  original:
    hackage: vector-sized-1.0.4.0@sha256:d5cdea82b87ff7a5158d784e6869866e6a2c258f0a035279e0168b55350a723f
- completed:
    hackage: dependent-sum-0.4@sha256:40c705604f52374fb72616e10234635104a626ede737ddde899777b719df120b,1907
    pantry-tree:
      size: 565
      sha256: 6c0cb5e52d35c04c3a561b342d41d0bfb20cd8a5e83ab39d93ab1a25aba50888
  original:
    hackage: dependent-sum-0.4@sha256:40c705604f52374fb72616e10234635104a626ede737ddde899777b719df120b
- completed:
    hackage: finite-typelits-0.1.4.2@sha256:d243523297c0526d32e9b7de98e04b79a4227577ddb25d3fecd7981439de243c,720
    pantry-tree:
      size: 285
      sha256: a893d5f2acc17ea0b1f51dbad3eb1d206bed9d041b66284551b3ee3166595a4f
  original:
    hackage: finite-typelits-0.1.4.2@sha256:d243523297c0526d32e9b7de98e04b79a4227577ddb25d3fecd7981439de243c
- completed:
    hackage: indexed-list-literals-0.2.1.2@sha256:0760e2a86605b5557af7180d4d50e317d75a5a92ca12aaabb6948ce97b7a94ac,2373
    pantry-tree:
      size: 341
      sha256: 4e54f8d033a1f46333274ea3d1b9785c9e4fd225dcddc988c7a41353d9959cd5
  original:
    hackage: indexed-list-literals-0.2.1.2@sha256:0760e2a86605b5557af7180d4d50e317d75a5a92ca12aaabb6948ce97b7a94ac
- completed:
    hackage: pqueue-1.4.1.2@sha256:5409f92bb55df02a965c10008683b8c7337d9229e152b7b0e3de88af6ba8659d,2104
    pantry-tree:
      size: 848
      sha256: a8619c12d0a1219c31d53c26ea568f9a99ee50d239b177267e6a19750ae44440
  original:
    hackage: pqueue-1.4.1.2@sha256:5409f92bb55df02a965c10008683b8c7337d9229e152b7b0e3de88af6ba8659d
- completed:
    hackage: Only-0.1@sha256:f92f5da97e647451f1ee7f5bf44914fb75062d08ccd3f36b2000d649c63d13aa,1373
    pantry-tree:
      size: 210
      sha256: e999ae7690fc1e13bb471bc1ead6d7a5c245843d17862d3d27f7f0f752513257
  original:
    hackage: Only-0.1@sha256:f92f5da97e647451f1ee7f5bf44914fb75062d08ccd3f36b2000d649c63d13aa
snapshots:
- completed:
    size: 420375
    url: https://raw.githubusercontent.com/commercialhaskell/stackage-snapshots/master/lts/7/0.yaml
    sha256: 4856e097c0c66c60855b81d0b1bea42ce53b58df210abea1a9942ee6e34f944d
  original: lts-7.0
