# This file was autogenerated by Stack.
# You should not edit this file by hand.
# For more information, please see the documentation at:
#   https://docs.haskellstack.org/en/stable/lock_files

packages:
- completed:
    hackage: guid-0.1.0@sha256:a7c975be473f6f142d5cc1b39bc807a99043d20b1bb0873fdfe7a3ce84d2faf1,1078
    pantry-tree:
      sha256: a33838b7b1c54f6ac3e1b436b25674948713a4189658e4d82e639b9a689bc90d
      size: 364
  original:
    hackage: guid-0.1.0
- completed:
    hackage: datadog-0.3.0.0@sha256:c36a0e2d7b1f1c24b0b405df8b0bf3a17f6512f1da02f8c444fbb64944b0114b,3439
    pantry-tree:
      sha256: 6c3d2da0a57d62f41a753cb3e973162e1a62e7554c28cc5fc18ff85b252583f1
      size: 1488
  original:
    hackage: datadog-0.3.0.0
- completed:
    hackage: buffer-builder-0.2.4.9@sha256:22600bcca6b8657865d1dce07cfa791767bdb6241c0cd5cadd6444678bf9a8a7,5257
    pantry-tree:
      sha256: f5eddef2db3cd6e0c2e2199a5a59cae0329b057045aa67705492d069f9e204f0
      size: 1155
  original:
    hackage: buffer-builder-0.2.4.9
snapshots:
- completed:
    sha256: 2763632e4c4094ce12f5ae12b22f524cdc6453b6b19007ff164a37fd9d2ea829
    size: 683819
    url: https://raw.githubusercontent.com/commercialhaskell/stackage-snapshots/master/lts/23/17.yaml
  original: lts-23.17
