# This file was autogenerated by Stack.
# You should not edit this file by hand.
# For more information, please see the documentation at:
#   https://docs.haskellstack.org/en/stable/lock_files

packages:
- completed:
    hackage: guid-0.1.0@sha256:a7c975be473f6f142d5cc1b39bc807a99043d20b1bb0873fdfe7a3ce84d2faf1,1078
    pantry-tree:
      size: 364
      sha256: a33838b7b1c54f6ac3e1b436b25674948713a4189658e4d82e639b9a689bc90d
  original:
    hackage: guid-0.1.0
- completed:
    hackage: scotty-cookie-0.1.0.3@sha256:3ff1df13a5acba8ba170a5ac22b3ac6a2c227791292536ce1ebfc41038f58fc9,1204
    pantry-tree:
      size: 222
      sha256: 8236b9d3e3c01b29c3d7bf7791af8c87e87ea9b2052e9d7bc32038f524242679
  original:
    hackage: scotty-cookie-0.1.0.3
- completed:
    hackage: beam-core-0.9.2.1@sha256:33b9a2bf40f4b3408a2c7b58d001d7cf133aa1e2c95b5c5d782838c6b989cf24,5282
    pantry-tree:
      size: 2705
      sha256: 7b3445376c7505a048dfadbedfb33a8fba120f3f506e2ccb5a0300852d0fb360
  original:
    hackage: beam-core-0.9.2.1
- completed:
    hackage: beam-postgres-0.5.2.1@sha256:5ba4fecca3a210790aa858e32469d126995c25f08dc89df267cf987301c2269f,4392
    pantry-tree:
      size: 1693
      sha256: e665908580c2527887e40d9f504a1a1c6c923148698617f70e14bcf2658ee080
  original:
    hackage: beam-postgres-0.5.2.1
- completed:
    hackage: beam-migrate-0.5.1.2@sha256:e385a2ddb213398aca38a4f15334613057552b83a467a81c0dc3562c49a59884,4923
    pantry-tree:
      size: 1721
      sha256: a536b7c320720222256895d2ebe27fef547514e4ddc6cc1e971b1286c4974155
  original:
    hackage: beam-migrate-0.5.1.2
- completed:
    hackage: dependent-sum-0.7.1.0@sha256:2943074c14ba06401d5bf47aeb71ed3a3f68da4d3db3ae4ca9ac02f35458fc34,2147
    pantry-tree:
      size: 290
      sha256: 64370d3d5a86df30b4460e55d980074fe7577eef0385101a31da8e2de50b8813
  original:
    hackage: dependent-sum-0.7.1.0
- completed:
    hackage: indexed-list-literals-0.2.1.3@sha256:31d0fbbc2484576cd9677a7b7760964cfee25827a0acbf5a6e6e6fcd9e191686,2371
    pantry-tree:
      size: 342
      sha256: ae1ba8991bab1a4d7b5b3a71169f02cecba56da07f53b7e882aea79356194156
  original:
    hackage: indexed-list-literals-0.2.1.3
- completed:
    hackage: pqueue-1.4.1.4@sha256:6c8ca63f67241a3b57ed063c9f72d70dbbb6a1115d735e49481bfaecd241b661,1867
    pantry-tree:
      size: 886
      sha256: 279e6c8c50be080b8eed7925036d4c247e176b9c26966554573d4cd69e24d8ce
  original:
    hackage: pqueue-1.4.1.4
- completed:
    hackage: vector-sized-1.5.0@sha256:6b827805784b52ee9845ab5c930f627e6e27b6dea2354f6fc46295e63ccdb2ed,1758
    pantry-tree:
      size: 1302
      sha256: c4010995ed0fbe9094142af691198f5b28a98b1ae0f7938b0d8a6e3fcf9769f1
  original:
    hackage: vector-sized-1.5.0
- completed:
    hackage: haskell-src-exts-1.23.1@sha256:339841f4a6710e915a0bac8df18d8a454c11d626131aee4d05b6be150b7f863e,4577
    pantry-tree:
      size: 97804
      sha256: 572aeb73c927ca9b4df7b9a32345dfdc1ba72b7d4af1c38dc12cd6bc2843d88f
  original:
    hackage: haskell-src-exts-1.23.1
- completed:
    hackage: finite-typelits-0.1.4.2@sha256:d243523297c0526d32e9b7de98e04b79a4227577ddb25d3fecd7981439de243c,720
    pantry-tree:
      size: 285
      sha256: a893d5f2acc17ea0b1f51dbad3eb1d206bed9d041b66284551b3ee3166595a4f
  original:
    hackage: finite-typelits-0.1.4.2@sha256:d243523297c0526d32e9b7de98e04b79a4227577ddb25d3fecd7981439de243c
- completed:
    hackage: Only-0.1@sha256:f92f5da97e647451f1ee7f5bf44914fb75062d08ccd3f36b2000d649c63d13aa,1373
    pantry-tree:
      size: 210
      sha256: e999ae7690fc1e13bb471bc1ead6d7a5c245843d17862d3d27f7f0f752513257
  original:
    hackage: Only-0.1@sha256:f92f5da97e647451f1ee7f5bf44914fb75062d08ccd3f36b2000d649c63d13aa
- completed:
    hackage: datadog-0.2.5.0@sha256:f2976b034191b7850bdcb4ee90edf2654ce4170e11fa2df07fdca83dd3570037,3176
    pantry-tree:
      size: 1488
      sha256: 31bbc38532d2b81017a451ecb8f323f2c443235cd3bcd99710404dbe70216007
  original:
    hackage: datadog-0.2.5.0@sha256:f2976b034191b7850bdcb4ee90edf2654ce4170e11fa2df07fdca83dd3570037,3176
- completed:
    hackage: buffer-builder-0.2.4.7@sha256:bb0eb6f7f0cc3a749d2c5c291ed1a25799078f086956fa3c4650ed720a8b9f82,5223
    pantry-tree:
      size: 1155
      sha256: da7d113cbc09cf1dbbe1d461a380fdf529aee59c15442845c5be8b564d1ef9a7
  original:
    hackage: buffer-builder-0.2.4.7@sha256:bb0eb6f7f0cc3a749d2c5c291ed1a25799078f086956fa3c4650ed720a8b9f82,5223
- completed:
    hackage: unliftio-0.2.20@sha256:93cebd01b5fe2c2c028e0785b1fe8ec42b3d30d869e7848034bb4b7b5894dc24,3318
    pantry-tree:
      size: 2423
      sha256: d2effa7737d7ce2918815158ce00c6562f7ce3f55b69d35d507da285b5ad8543
  original:
    hackage: unliftio-0.2.20@sha256:93cebd01b5fe2c2c028e0785b1fe8ec42b3d30d869e7848034bb4b7b5894dc24,3318
- completed:
    hackage: async-2.2.4@sha256:b83dec34a53520de84c6dd3dc7aae45d22409b46eb471c478b98108215a370f0,3095
    pantry-tree:
      size: 501
      sha256: 08b8a9f8d2e27d51b04fb9c14f65e1209c7f24160d2a4557963900edb2c0f07d
  original:
    hackage: async-2.2.4@sha256:b83dec34a53520de84c6dd3dc7aae45d22409b46eb471c478b98108215a370f0,3095
- completed:
    hackage: unliftio-core-0.2.0.1@sha256:f9abcdd3f3d28e4840563efb7b8760d2de9b5707bcd6f53a87f6a0d77bb5a9f7,1082
    pantry-tree:
      size: 328
      sha256: 9955bc1336dd07c94928892f1a97aed6e5fe63a4242f089a0efd2e95174490ea
  original:
    hackage: unliftio-core-0.2.0.1@sha256:f9abcdd3f3d28e4840563efb7b8760d2de9b5707bcd6f53a87f6a0d77bb5a9f7,1082
snapshots:
- completed:
    size: 590102
    url: https://raw.githubusercontent.com/commercialhaskell/stackage-snapshots/master/lts/18/26.yaml
    sha256: e76d109964d9335abb412e22139c5bce3078be290ac6d90b8ecea6cc009bb198
  original: lts-18.26
